
Microsoft Visual Studio Solution File, Format Version 12.00
# Visual Studio Version 16
VisualStudioVersion = 16.0.29728.190
MinimumVisualStudioVersion = 10.0.40219.1
Project("{FAE04EC0-301F-11D3-BF4B-00C04F79EFBC}") = "GL.FileParser", "GL.FileParser\GL.FileParser.csproj", "{FCD49CE9-8393-4B22-9DF3-7F1CA771DB70}"
EndProject
Global
	GlobalSection(SolutionConfigurationPlatforms) = preSolution
		Debug|Any CPU = Debug|Any CPU
		Release|Any CPU = Release|Any CPU
	EndGlobalSection
	GlobalSection(ProjectConfigurationPlatforms) = postSolution
		{FCD49CE9-8393-4B22-9DF3-7F1CA771DB70}.Debug|Any CPU.ActiveCfg = Debug|Any CPU
		{FCD49CE9-8393-4B22-9DF3-7F1CA771DB70}.Debug|Any CPU.Build.0 = Debug|Any CPU
		{FCD49CE9-8393-4B22-9DF3-7F1CA771DB70}.Release|Any CPU.ActiveCfg = Release|Any CPU
		{FCD49CE9-8393-4B22-9DF3-7F1CA771DB70}.Release|Any CPU.Build.0 = Release|Any CPU
	EndGlobalSection
	GlobalSection(SolutionProperties) = preSolution
		HideSolutionNode = FALSE
	EndGlobalSection
	GlobalSection(ExtensibilityGlobals) = postSolution
		SolutionGuid = {6D3488F6-4E98-4BCD-B0AA-DAC8B6E015CC}
	EndGlobalSection
EndGlobal
